
Microsoft Visual Studio Solution File, Format Version 12.00
# Visual Studio 15
VisualStudioVersion = 15.0.28010.2026
MinimumVisualStudioVersion = 10.0.40219.1
Project("{FAE04EC0-301F-11D3-BF4B-00C04F79EFBC}") = "Math Quiz", "Math Quiz\Math Quiz.csproj", "{9F459A3A-AD92-40C1-96CE-55D74609F242}"
EndProject
Global
	GlobalSection(SolutionConfigurationPlatforms) = preSolution
		Debug|Any CPU = Debug|Any CPU
		Release|Any CPU = Release|Any CPU
	EndGlobalSection
	GlobalSection(ProjectConfigurationPlatforms) = postSolution
		{9F459A3A-AD92-40C1-96CE-55D74609F242}.Debug|Any CPU.ActiveCfg = Debug|Any CPU
		{9F459A3A-AD92-40C1-96CE-55D74609F242}.Debug|Any CPU.Build.0 = Debug|Any CPU
		{9F459A3A-AD92-40C1-96CE-55D74609F242}.Release|Any CPU.ActiveCfg = Release|Any CPU
		{9F459A3A-AD92-40C1-96CE-55D74609F242}.Release|Any CPU.Build.0 = Release|Any CPU
	EndGlobalSection
	GlobalSection(SolutionProperties) = preSolution
		HideSolutionNode = FALSE
	EndGlobalSection
	GlobalSection(ExtensibilityGlobals) = postSolution
		SolutionGuid = {F8B07921-BE85-4A3B-90F3-15FEBD00D7CD}
	EndGlobalSection
EndGlobal
